
Microsoft Visual Studio Solution File, Format Version 12.00
# Visual Studio 14
VisualStudioVersion = 14.0.24720.0
MinimumVisualStudioVersion = 10.0.40219.1
Project("{888888A0-9F3D-457C-B088-3A5042F75D52}") = "LiveRecordPy", "LiveRecordPy\LiveRecordPy.pyproj", "{D8533D28-81D0-43E3-85CF-9288D3883066}"
EndProject
Project("{FAE04EC0-301F-11D3-BF4B-00C04F79EFBC}") = "LiveRecordSharp", "LiveRecordSharp\LiveRecordSharp.csproj", "{AABA12C6-B97D-4E79-8735-E6B089A43931}"
EndProject
Global
	GlobalSection(SolutionConfigurationPlatforms) = preSolution
		Debug|Any CPU = Debug|Any CPU
		Release|Any CPU = Release|Any CPU
	EndGlobalSection
	GlobalSection(ProjectConfigurationPlatforms) = postSolution
		{D8533D28-81D0-43E3-85CF-9288D3883066}.Debug|Any CPU.ActiveCfg = Debug|Any CPU
		{D8533D28-81D0-43E3-85CF-9288D3883066}.Release|Any CPU.ActiveCfg = Release|Any CPU
		{AABA12C6-B97D-4E79-8735-E6B089A43931}.Debug|Any CPU.ActiveCfg = Debug|Any CPU
		{AABA12C6-B97D-4E79-8735-E6B089A43931}.Debug|Any CPU.Build.0 = Debug|Any CPU
		{AABA12C6-B97D-4E79-8735-E6B089A43931}.Release|Any CPU.ActiveCfg = Release|Any CPU
		{AABA12C6-B97D-4E79-8735-E6B089A43931}.Release|Any CPU.Build.0 = Release|Any CPU
	EndGlobalSection
	GlobalSection(SolutionProperties) = preSolution
		HideSolutionNode = FALSE
	EndGlobalSection
EndGlobal
